
Microsoft Visual Studio Solution File, Format Version 12.00
Project("{FAE04EC0-301F-11D3-BF4B-00C04F79EFBC}") = "nombreComplexe", "nombreComplexe\nombreComplexe.csproj", "{AE22C287-65FB-48C3-A236-F46D67A13E33}"
EndProject
Global
	GlobalSection(SolutionConfigurationPlatforms) = preSolution
		Debug|Any CPU = Debug|Any CPU
		Release|Any CPU = Release|Any CPU
	EndGlobalSection
	GlobalSection(ProjectConfigurationPlatforms) = postSolution
		{AE22C287-65FB-48C3-A236-F46D67A13E33}.Debug|Any CPU.ActiveCfg = Debug|Any CPU
		{AE22C287-65FB-48C3-A236-F46D67A13E33}.Debug|Any CPU.Build.0 = Debug|Any CPU
		{AE22C287-65FB-48C3-A236-F46D67A13E33}.Release|Any CPU.ActiveCfg = Release|Any CPU
		{AE22C287-65FB-48C3-A236-F46D67A13E33}.Release|Any CPU.Build.0 = Release|Any CPU
	EndGlobalSection
EndGlobal
